
Microsoft Visual Studio Solution File, Format Version 12.00
# Visual Studio Version 16
VisualStudioVersion = 16.0.30413.136
MinimumVisualStudioVersion = 10.0.40219.1
Project("{FAE04EC0-301F-11D3-BF4B-00C04F79EFBC}") = "CoreConcepts", "CoreConcepts\CoreConcepts.csproj", "{129D0E38-2AA3-47E9-90DF-912C2099AA02}"
EndProject
Global
	GlobalSection(SolutionConfigurationPlatforms) = preSolution
		Debug|Any CPU = Debug|Any CPU
		Release|Any CPU = Release|Any CPU
	EndGlobalSection
	GlobalSection(ProjectConfigurationPlatforms) = postSolution
		{129D0E38-2AA3-47E9-90DF-912C2099AA02}.Debug|Any CPU.ActiveCfg = Debug|Any CPU
		{129D0E38-2AA3-47E9-90DF-912C2099AA02}.Debug|Any CPU.Build.0 = Debug|Any CPU
		{129D0E38-2AA3-47E9-90DF-912C2099AA02}.Release|Any CPU.ActiveCfg = Release|Any CPU
		{129D0E38-2AA3-47E9-90DF-912C2099AA02}.Release|Any CPU.Build.0 = Release|Any CPU
	EndGlobalSection
	GlobalSection(SolutionProperties) = preSolution
		HideSolutionNode = FALSE
	EndGlobalSection
	GlobalSection(ExtensibilityGlobals) = postSolution
		SolutionGuid = {8F3728F2-C498-4B08-A354-E6ECFC11040A}
	EndGlobalSection
EndGlobal
