
Microsoft Visual Studio Solution File, Format Version 12.00
# Visual Studio Version 16
VisualStudioVersion = 16.0.30413.136
MinimumVisualStudioVersion = 10.0.40219.1
Project("{F184B08F-C81C-45F6-A57F-5ABD9991F28F}") = "NewStyling", "NewStyling\NewStyling.vbproj", "{C4CA2B3D-784B-4953-B9D0-F7AC87849F25}"
EndProject
Global
	GlobalSection(SolutionConfigurationPlatforms) = preSolution
		Debug|Any CPU = Debug|Any CPU
		Release|Any CPU = Release|Any CPU
	EndGlobalSection
	GlobalSection(ProjectConfigurationPlatforms) = postSolution
		{C4CA2B3D-784B-4953-B9D0-F7AC87849F25}.Debug|Any CPU.ActiveCfg = Debug|Any CPU
		{C4CA2B3D-784B-4953-B9D0-F7AC87849F25}.Debug|Any CPU.Build.0 = Debug|Any CPU
		{C4CA2B3D-784B-4953-B9D0-F7AC87849F25}.Release|Any CPU.ActiveCfg = Release|Any CPU
		{C4CA2B3D-784B-4953-B9D0-F7AC87849F25}.Release|Any CPU.Build.0 = Release|Any CPU
	EndGlobalSection
	GlobalSection(SolutionProperties) = preSolution
		HideSolutionNode = FALSE
	EndGlobalSection
	GlobalSection(ExtensibilityGlobals) = postSolution
		SolutionGuid = {63678C15-A1B7-4834-8BE5-EE14C6FF0728}
	EndGlobalSection
EndGlobal
